
Microsoft Visual Studio Solution File, Format Version 12.00
# Visual Studio 15
VisualStudioVersion = 15.0.28307.1525
MinimumVisualStudioVersion = 10.0.40219.1
Project("{8BC9CEB8-8B4A-11D0-8D11-00A0C91BC942}") = "猜数字", "猜数字\猜数字.vcxproj", "{18F1EB99-6DA0-4939-8A27-6B7B7C4EC3A6}"
EndProject
Global
	GlobalSection(SolutionConfigurationPlatforms) = preSolution
		Debug|x64 = Debug|x64
		Debug|x86 = Debug|x86
		Release|x64 = Release|x64
		Release|x86 = Release|x86
	EndGlobalSection
	GlobalSection(ProjectConfigurationPlatforms) = postSolution
		{18F1EB99-6DA0-4939-8A27-6B7B7C4EC3A6}.Debug|x64.ActiveCfg = Debug|x64
		{18F1EB99-6DA0-4939-8A27-6B7B7C4EC3A6}.Debug|x64.Build.0 = Debug|x64
		{18F1EB99-6DA0-4939-8A27-6B7B7C4EC3A6}.Debug|x86.ActiveCfg = Debug|Win32
		{18F1EB99-6DA0-4939-8A27-6B7B7C4EC3A6}.Debug|x86.Build.0 = Debug|Win32
		{18F1EB99-6DA0-4939-8A27-6B7B7C4EC3A6}.Release|x64.ActiveCfg = Release|x64
		{18F1EB99-6DA0-4939-8A27-6B7B7C4EC3A6}.Release|x64.Build.0 = Release|x64
		{18F1EB99-6DA0-4939-8A27-6B7B7C4EC3A6}.Release|x86.ActiveCfg = Release|Win32
		{18F1EB99-6DA0-4939-8A27-6B7B7C4EC3A6}.Release|x86.Build.0 = Release|Win32
	EndGlobalSection
	GlobalSection(SolutionProperties) = preSolution
		HideSolutionNode = FALSE
	EndGlobalSection
	GlobalSection(ExtensibilityGlobals) = postSolution
		SolutionGuid = {78B4708A-C9E7-43EB-8185-38A6CC8B5226}
	EndGlobalSection
EndGlobal
