
Microsoft Visual Studio Solution File, Format Version 12.00
# Visual Studio 15
VisualStudioVersion = 15.0.28307.1525
MinimumVisualStudioVersion = 10.0.40219.1
Project("{8BC9CEB8-8B4A-11D0-8D11-00A0C91BC942}") = "2021.7.29", "2021.7.29\2021.7.29.vcxproj", "{DA2C0199-CB4E-4B17-948E-A956D2A7F6CF}"
EndProject
Global
	GlobalSection(SolutionConfigurationPlatforms) = preSolution
		Debug|x64 = Debug|x64
		Debug|x86 = Debug|x86
		Release|x64 = Release|x64
		Release|x86 = Release|x86
	EndGlobalSection
	GlobalSection(ProjectConfigurationPlatforms) = postSolution
		{DA2C0199-CB4E-4B17-948E-A956D2A7F6CF}.Debug|x64.ActiveCfg = Debug|x64
		{DA2C0199-CB4E-4B17-948E-A956D2A7F6CF}.Debug|x64.Build.0 = Debug|x64
		{DA2C0199-CB4E-4B17-948E-A956D2A7F6CF}.Debug|x86.ActiveCfg = Debug|Win32
		{DA2C0199-CB4E-4B17-948E-A956D2A7F6CF}.Debug|x86.Build.0 = Debug|Win32
		{DA2C0199-CB4E-4B17-948E-A956D2A7F6CF}.Release|x64.ActiveCfg = Release|x64
		{DA2C0199-CB4E-4B17-948E-A956D2A7F6CF}.Release|x64.Build.0 = Release|x64
		{DA2C0199-CB4E-4B17-948E-A956D2A7F6CF}.Release|x86.ActiveCfg = Release|Win32
		{DA2C0199-CB4E-4B17-948E-A956D2A7F6CF}.Release|x86.Build.0 = Release|Win32
	EndGlobalSection
	GlobalSection(SolutionProperties) = preSolution
		HideSolutionNode = FALSE
	EndGlobalSection
	GlobalSection(ExtensibilityGlobals) = postSolution
		SolutionGuid = {93C25CE5-0C49-4BC0-AECD-E20ED79719E3}
	EndGlobalSection
EndGlobal
