
Microsoft Visual Studio Solution File, Format Version 12.00
# Visual Studio 15
VisualStudioVersion = 15.0.28307.1525
MinimumVisualStudioVersion = 10.0.40219.1
Project("{8BC9CEB8-8B4A-11D0-8D11-00A0C91BC942}") = "2021.7.2", "2021.7.2\2021.7.2.vcxproj", "{4082C5D8-287C-410A-9654-C6D598A38CB2}"
EndProject
Global
	GlobalSection(SolutionConfigurationPlatforms) = preSolution
		Debug|x64 = Debug|x64
		Debug|x86 = Debug|x86
		Release|x64 = Release|x64
		Release|x86 = Release|x86
	EndGlobalSection
	GlobalSection(ProjectConfigurationPlatforms) = postSolution
		{4082C5D8-287C-410A-9654-C6D598A38CB2}.Debug|x64.ActiveCfg = Debug|x64
		{4082C5D8-287C-410A-9654-C6D598A38CB2}.Debug|x64.Build.0 = Debug|x64
		{4082C5D8-287C-410A-9654-C6D598A38CB2}.Debug|x86.ActiveCfg = Debug|x64
		{4082C5D8-287C-410A-9654-C6D598A38CB2}.Debug|x86.Build.0 = Debug|x64
		{4082C5D8-287C-410A-9654-C6D598A38CB2}.Release|x64.ActiveCfg = Release|x64
		{4082C5D8-287C-410A-9654-C6D598A38CB2}.Release|x64.Build.0 = Release|x64
		{4082C5D8-287C-410A-9654-C6D598A38CB2}.Release|x86.ActiveCfg = Release|Win32
		{4082C5D8-287C-410A-9654-C6D598A38CB2}.Release|x86.Build.0 = Release|Win32
	EndGlobalSection
	GlobalSection(SolutionProperties) = preSolution
		HideSolutionNode = FALSE
	EndGlobalSection
	GlobalSection(ExtensibilityGlobals) = postSolution
		SolutionGuid = {DF180D9D-C4E8-432E-B8C0-DEA99F048123}
	EndGlobalSection
EndGlobal
